
Microsoft Visual Studio Solution File, Format Version 12.00
# Visual Studio Version 17
VisualStudioVersion = 17.12.35521.163 d17.12
MinimumVisualStudioVersion = 10.0.40219.1
Project("{FAE04EC0-301F-11D3-BF4B-00C04F79EFBC}") = "Coinbase.AdvancedTradeApiClient", "Coinbase.AdvancedTradeApiClient\Coinbase.AdvancedTradeApiClient.csproj", "{DE5388BA-84BA-4070-A535-C91671DA795E}"
EndProject
Project("{2150E333-8FDC-42A3-9474-1A3956D46DE8}") = "Tests", "Tests", "{BE2C8EC4-CE0F-440A-9FB2-90B6E0F2F2A5}"
EndProject
Project("{FAE04EC0-301F-11D3-BF4B-00C04F79EFBC}") = "Coinbase.AdvancedTrade.IntegrationTests", "Tests\Integration\Coinbase.AdvancedTrade.IntegrationTests\Coinbase.AdvancedTrade.IntegrationTests.csproj", "{44482266-28CD-4211-B2CB-B28B075954F9}"
EndProject
Project("{FAE04EC0-301F-11D3-BF4B-00C04F79EFBC}") = "WebSocketCandlesTestApp", "Tests\Integration\WebSocketCandlesTestApp\WebSocketCandlesTestApp.csproj", "{692AA86D-C30D-4E0B-B827-B5A6FE599C00}"
EndProject
Project("{FAE04EC0-301F-11D3-BF4B-00C04F79EFBC}") = "WebSocketHeartbeatTestApp", "Tests\Integration\WebSocketHeartbeatTestApp\WebSocketHeartbeatTestApp.csproj", "{44E70A00-C134-4412-9E5B-63FD12CB5823}"
EndProject
Project("{FAE04EC0-301F-11D3-BF4B-00C04F79EFBC}") = "WebSocketLevel2TestApp", "Tests\Integration\WebSocketLevel2TestApp\WebSocketLevel2TestApp.csproj", "{7F37C7A7-DC7D-452F-9B23-8CA292E1EAD9}"
EndProject
Project("{FAE04EC0-301F-11D3-BF4B-00C04F79EFBC}") = "WebSocketMarketTradesTestApp", "Tests\Integration\WebSocketMarketTradesTestApp\WebSocketMarketTradesTestApp.csproj", "{CBB393D8-7D70-4D6D-862B-AA9D8CFADEBF}"
EndProject
Project("{FAE04EC0-301F-11D3-BF4B-00C04F79EFBC}") = "WebSocketReconnectionTestApp", "Tests\Integration\WebSocketReconnectionTestApp\WebSocketReconnectionTestApp.csproj", "{C32F7C9E-42C5-4D5B-A2BA-3E4F359C7C7D}"
EndProject
Project("{FAE04EC0-301F-11D3-BF4B-00C04F79EFBC}") = "WebSocketStatusTestApp", "Tests\Integration\WebSocketStatusTestApp\WebSocketStatusTestApp.csproj", "{1B3CDA6E-49DA-4163-BF81-C3448E1DB893}"
EndProject
Project("{FAE04EC0-301F-11D3-BF4B-00C04F79EFBC}") = "WebSocketTickerBatchTestApp", "Tests\Integration\WebSocketTickerBatchTestApp\WebSocketTickerBatchTestApp.csproj", "{D5518435-DED5-4220-99DB-209C8AA4799D}"
EndProject
Project("{FAE04EC0-301F-11D3-BF4B-00C04F79EFBC}") = "WebSocketTickerTestApp", "Tests\Integration\WebSocketTickerTestApp\WebSocketTickerTestApp.csproj", "{44B857CB-8A5B-48AE-9A28-E005BD3FC940}"
EndProject
Project("{FAE04EC0-301F-11D3-BF4B-00C04F79EFBC}") = "WebSocketUserTestApp", "Tests\Integration\WebSocketUserTestApp\WebSocketUserTestApp.csproj", "{157DDBF7-5F98-49B4-81F3-88DB02E75501}"
EndProject
Project("{2150E333-8FDC-42A3-9474-1A3956D46DE8}") = "Console", "Console", "{73E290AC-3118-41DD-A029-A21168D100C4}"
EndProject
Global
	GlobalSection(SolutionConfigurationPlatforms) = preSolution
		Debug|Any CPU = Debug|Any CPU
		Release|Any CPU = Release|Any CPU
	EndGlobalSection
	GlobalSection(ProjectConfigurationPlatforms) = postSolution
		{DE5388BA-84BA-4070-A535-C91671DA795E}.Debug|Any CPU.ActiveCfg = Debug|Any CPU
		{DE5388BA-84BA-4070-A535-C91671DA795E}.Debug|Any CPU.Build.0 = Debug|Any CPU
		{DE5388BA-84BA-4070-A535-C91671DA795E}.Release|Any CPU.ActiveCfg = Release|Any CPU
		{DE5388BA-84BA-4070-A535-C91671DA795E}.Release|Any CPU.Build.0 = Release|Any CPU
		{44482266-28CD-4211-B2CB-B28B075954F9}.Debug|Any CPU.ActiveCfg = Debug|Any CPU
		{44482266-28CD-4211-B2CB-B28B075954F9}.Debug|Any CPU.Build.0 = Debug|Any CPU
		{44482266-28CD-4211-B2CB-B28B075954F9}.Release|Any CPU.ActiveCfg = Release|Any CPU
		{44482266-28CD-4211-B2CB-B28B075954F9}.Release|Any CPU.Build.0 = Release|Any CPU
		{692AA86D-C30D-4E0B-B827-B5A6FE599C00}.Debug|Any CPU.ActiveCfg = Debug|Any CPU
		{692AA86D-C30D-4E0B-B827-B5A6FE599C00}.Debug|Any CPU.Build.0 = Debug|Any CPU
		{692AA86D-C30D-4E0B-B827-B5A6FE599C00}.Release|Any CPU.ActiveCfg = Release|Any CPU
		{692AA86D-C30D-4E0B-B827-B5A6FE599C00}.Release|Any CPU.Build.0 = Release|Any CPU
		{44E70A00-C134-4412-9E5B-63FD12CB5823}.Debug|Any CPU.ActiveCfg = Debug|Any CPU
		{44E70A00-C134-4412-9E5B-63FD12CB5823}.Debug|Any CPU.Build.0 = Debug|Any CPU
		{44E70A00-C134-4412-9E5B-63FD12CB5823}.Release|Any CPU.ActiveCfg = Release|Any CPU
		{44E70A00-C134-4412-9E5B-63FD12CB5823}.Release|Any CPU.Build.0 = Release|Any CPU
		{7F37C7A7-DC7D-452F-9B23-8CA292E1EAD9}.Debug|Any CPU.ActiveCfg = Debug|Any CPU
		{7F37C7A7-DC7D-452F-9B23-8CA292E1EAD9}.Debug|Any CPU.Build.0 = Debug|Any CPU
		{7F37C7A7-DC7D-452F-9B23-8CA292E1EAD9}.Release|Any CPU.ActiveCfg = Release|Any CPU
		{7F37C7A7-DC7D-452F-9B23-8CA292E1EAD9}.Release|Any CPU.Build.0 = Release|Any CPU
		{CBB393D8-7D70-4D6D-862B-AA9D8CFADEBF}.Debug|Any CPU.ActiveCfg = Debug|Any CPU
		{CBB393D8-7D70-4D6D-862B-AA9D8CFADEBF}.Debug|Any CPU.Build.0 = Debug|Any CPU
		{CBB393D8-7D70-4D6D-862B-AA9D8CFADEBF}.Release|Any CPU.ActiveCfg = Release|Any CPU
		{CBB393D8-7D70-4D6D-862B-AA9D8CFADEBF}.Release|Any CPU.Build.0 = Release|Any CPU
		{C32F7C9E-42C5-4D5B-A2BA-3E4F359C7C7D}.Debug|Any CPU.ActiveCfg = Debug|Any CPU
		{C32F7C9E-42C5-4D5B-A2BA-3E4F359C7C7D}.Debug|Any CPU.Build.0 = Debug|Any CPU
		{C32F7C9E-42C5-4D5B-A2BA-3E4F359C7C7D}.Release|Any CPU.ActiveCfg = Release|Any CPU
		{C32F7C9E-42C5-4D5B-A2BA-3E4F359C7C7D}.Release|Any CPU.Build.0 = Release|Any CPU
		{1B3CDA6E-49DA-4163-BF81-C3448E1DB893}.Debug|Any CPU.ActiveCfg = Debug|Any CPU
		{1B3CDA6E-49DA-4163-BF81-C3448E1DB893}.Debug|Any CPU.Build.0 = Debug|Any CPU
		{1B3CDA6E-49DA-4163-BF81-C3448E1DB893}.Release|Any CPU.ActiveCfg = Release|Any CPU
		{1B3CDA6E-49DA-4163-BF81-C3448E1DB893}.Release|Any CPU.Build.0 = Release|Any CPU
		{D5518435-DED5-4220-99DB-209C8AA4799D}.Debug|Any CPU.ActiveCfg = Debug|Any CPU
		{D5518435-DED5-4220-99DB-209C8AA4799D}.Debug|Any CPU.Build.0 = Debug|Any CPU
		{D5518435-DED5-4220-99DB-209C8AA4799D}.Release|Any CPU.ActiveCfg = Release|Any CPU
		{D5518435-DED5-4220-99DB-209C8AA4799D}.Release|Any CPU.Build.0 = Release|Any CPU
		{44B857CB-8A5B-48AE-9A28-E005BD3FC940}.Debug|Any CPU.ActiveCfg = Debug|Any CPU
		{44B857CB-8A5B-48AE-9A28-E005BD3FC940}.Debug|Any CPU.Build.0 = Debug|Any CPU
		{44B857CB-8A5B-48AE-9A28-E005BD3FC940}.Release|Any CPU.ActiveCfg = Release|Any CPU
		{44B857CB-8A5B-48AE-9A28-E005BD3FC940}.Release|Any CPU.Build.0 = Release|Any CPU
		{157DDBF7-5F98-49B4-81F3-88DB02E75501}.Debug|Any CPU.ActiveCfg = Debug|Any CPU
		{157DDBF7-5F98-49B4-81F3-88DB02E75501}.Debug|Any CPU.Build.0 = Debug|Any CPU
		{157DDBF7-5F98-49B4-81F3-88DB02E75501}.Release|Any CPU.ActiveCfg = Release|Any CPU
		{157DDBF7-5F98-49B4-81F3-88DB02E75501}.Release|Any CPU.Build.0 = Release|Any CPU
	EndGlobalSection
	GlobalSection(SolutionProperties) = preSolution
		HideSolutionNode = FALSE
	EndGlobalSection
	GlobalSection(NestedProjects) = preSolution
		{44482266-28CD-4211-B2CB-B28B075954F9} = {BE2C8EC4-CE0F-440A-9FB2-90B6E0F2F2A5}
		{692AA86D-C30D-4E0B-B827-B5A6FE599C00} = {73E290AC-3118-41DD-A029-A21168D100C4}
		{44E70A00-C134-4412-9E5B-63FD12CB5823} = {73E290AC-3118-41DD-A029-A21168D100C4}
		{7F37C7A7-DC7D-452F-9B23-8CA292E1EAD9} = {73E290AC-3118-41DD-A029-A21168D100C4}
		{CBB393D8-7D70-4D6D-862B-AA9D8CFADEBF} = {73E290AC-3118-41DD-A029-A21168D100C4}
		{C32F7C9E-42C5-4D5B-A2BA-3E4F359C7C7D} = {73E290AC-3118-41DD-A029-A21168D100C4}
		{1B3CDA6E-49DA-4163-BF81-C3448E1DB893} = {73E290AC-3118-41DD-A029-A21168D100C4}
		{D5518435-DED5-4220-99DB-209C8AA4799D} = {73E290AC-3118-41DD-A029-A21168D100C4}
		{44B857CB-8A5B-48AE-9A28-E005BD3FC940} = {73E290AC-3118-41DD-A029-A21168D100C4}
		{157DDBF7-5F98-49B4-81F3-88DB02E75501} = {73E290AC-3118-41DD-A029-A21168D100C4}
		{73E290AC-3118-41DD-A029-A21168D100C4} = {BE2C8EC4-CE0F-440A-9FB2-90B6E0F2F2A5}
	EndGlobalSection
EndGlobal
