
Microsoft Visual Studio Solution File, Format Version 12.00
# Visual Studio Version 17
VisualStudioVersion = 17.12.35521.163
MinimumVisualStudioVersion = 10.0.40219.1
Project("{FAE04EC0-301F-11D3-BF4B-00C04F79EFBC}") = "Coinbase.AdvancedTradeApiClient", "Coinbase.AdvancedTradeApiClient\Coinbase.AdvancedTradeApiClient.csproj", "{DE5388BA-84BA-4070-A535-C91671DA795E}"
EndProject
Project("{2150E333-8FDC-42A3-9474-1A3956D46DE8}") = "Tests", "Tests", "{BE2C8EC4-CE0F-440A-9FB2-90B6E0F2F2A5}"
EndProject
Project("{2150E333-8FDC-42A3-9474-1A3956D46DE8}") = "Console", "Console", "{73E290AC-3118-41DD-A029-A21168D100C4}"
EndProject
Project("{2150E333-8FDC-42A3-9474-1A3956D46DE8}") = "WebSockets", "WebSockets", "{44B580EE-EA13-46FE-B1A7-6EE8ACCC7247}"
EndProject
Project("{FAE04EC0-301F-11D3-BF4B-00C04F79EFBC}") = "WebSocketCandlesTestApp", "Tests\Console\WebSockets\WebSocketCandlesTestApp\WebSocketCandlesTestApp.csproj", "{DB003F1B-0D3D-4B5F-ABE1-89118064CA42}"
EndProject
Project("{FAE04EC0-301F-11D3-BF4B-00C04F79EFBC}") = "WebSocketHeartbeatTestApp", "Tests\Console\WebSockets\WebSocketHeartbeatTestApp\WebSocketHeartbeatTestApp.csproj", "{A97F73A8-508F-4D43-B411-9EEB2316B1CC}"
EndProject
Project("{FAE04EC0-301F-11D3-BF4B-00C04F79EFBC}") = "WebSocketLevel2TestApp", "Tests\Console\WebSockets\WebSocketLevel2TestApp\WebSocketLevel2TestApp.csproj", "{C3052E9A-2025-4E22-8B02-8EDBB2960B3D}"
EndProject
Project("{FAE04EC0-301F-11D3-BF4B-00C04F79EFBC}") = "WebSocketMarketTradesTestApp", "Tests\Console\WebSockets\WebSocketMarketTradesTestApp\WebSocketMarketTradesTestApp.csproj", "{BA9633C3-4829-43B7-A00E-A8CC9EA00719}"
EndProject
Project("{FAE04EC0-301F-11D3-BF4B-00C04F79EFBC}") = "WebSocketReconnectionTestApp", "Tests\Console\WebSockets\WebSocketReconnectionTestApp\WebSocketReconnectionTestApp.csproj", "{2F4E87A0-415D-4205-B4EC-9281E90F7C62}"
EndProject
Project("{FAE04EC0-301F-11D3-BF4B-00C04F79EFBC}") = "WebSocketStatusTestApp", "Tests\Console\WebSockets\WebSocketStatusTestApp\WebSocketStatusTestApp.csproj", "{87BA6AC1-CA74-4A95-916E-D5CF57ECE83E}"
EndProject
Project("{FAE04EC0-301F-11D3-BF4B-00C04F79EFBC}") = "WebSocketTickerBatchTestApp", "Tests\Console\WebSockets\WebSocketTickerBatchTestApp\WebSocketTickerBatchTestApp.csproj", "{A708122A-EC01-455A-B4D9-D104A951D332}"
EndProject
Project("{FAE04EC0-301F-11D3-BF4B-00C04F79EFBC}") = "WebSocketUserTestApp", "Tests\Console\WebSockets\WebSocketUserTestApp\WebSocketUserTestApp.csproj", "{97536CC0-5EAE-44C1-90F4-5E7FA1D8A821}"
EndProject
Project("{FAE04EC0-301F-11D3-BF4B-00C04F79EFBC}") = "IntegrationTests", "Tests\Integration\IntegrationTests.csproj", "{2BDC1CDD-486E-4EA7-AA91-BA279AD35B3C}"
EndProject
Project("{2150E333-8FDC-42A3-9474-1A3956D46DE8}") = "RestAPIs", "RestAPIs", "{1E45BEC0-469C-4785-B22C-FEFC61719899}"
EndProject
Project("{FAE04EC0-301F-11D3-BF4B-00C04F79EFBC}") = "CandlesApiTester", "Tests\Console\RestAPIs\Candles\CandlesApiTester.csproj", "{6EDCC177-C350-4E31-AB3B-BB7CEB3D2854}"
EndProject
Project("{FAE04EC0-301F-11D3-BF4B-00C04F79EFBC}") = "ProductsApiTester", "Tests\Console\RestAPIs\Products\ProductsApiTester.csproj", "{6D7F38D1-146A-4D79-9685-983E51FE5EFC}"
EndProject
Project("{FAE04EC0-301F-11D3-BF4B-00C04F79EFBC}") = "AccountsApiTester", "Tests\Console\RestAPIs\Accounts\AccountsApiTester.csproj", "{AA4D2618-2734-4FBB-87F0-E9018F62E8A1}"
EndProject
Project("{FAE04EC0-301F-11D3-BF4B-00C04F79EFBC}") = "OrdersApiTester", "Tests\Console\RestAPIs\Orders\OrdersApiTester.csproj", "{E2339A21-3FE6-43F8-A123-F1F49BA3A407}"
EndProject
Project("{FAE04EC0-301F-11D3-BF4B-00C04F79EFBC}") = "TradesApiTester", "Tests\Console\RestAPIs\Trades\TradesApiTester.csproj", "{8C234B4E-9EA9-402D-8AB3-7402903E16DA}"
EndProject
Project("{FAE04EC0-301F-11D3-BF4B-00C04F79EFBC}") = "ApiKeyTester", "Tests\Console\RestAPIs\ApiKey\ApiKeyTester.csproj", "{0D4BF01A-DEC7-4C2D-A54B-B6F3EB29719B}"
EndProject
Project("{FAE04EC0-301F-11D3-BF4B-00C04F79EFBC}") = "WebSocketTickerTestApp", "Tests\Console\WebSockets\WebSocketTickerTestApp\WebSocketTickerTestApp.csproj", "{562BE2A1-039F-4C5D-8E47-EEDA834CC22D}"
EndProject
Global
	GlobalSection(SolutionConfigurationPlatforms) = preSolution
		Debug|Any CPU = Debug|Any CPU
		Release|Any CPU = Release|Any CPU
	EndGlobalSection
	GlobalSection(ProjectConfigurationPlatforms) = postSolution
		{DE5388BA-84BA-4070-A535-C91671DA795E}.Debug|Any CPU.ActiveCfg = Debug|Any CPU
		{DE5388BA-84BA-4070-A535-C91671DA795E}.Debug|Any CPU.Build.0 = Debug|Any CPU
		{DE5388BA-84BA-4070-A535-C91671DA795E}.Release|Any CPU.ActiveCfg = Release|Any CPU
		{DE5388BA-84BA-4070-A535-C91671DA795E}.Release|Any CPU.Build.0 = Release|Any CPU
		{DB003F1B-0D3D-4B5F-ABE1-89118064CA42}.Debug|Any CPU.ActiveCfg = Debug|Any CPU
		{DB003F1B-0D3D-4B5F-ABE1-89118064CA42}.Debug|Any CPU.Build.0 = Debug|Any CPU
		{DB003F1B-0D3D-4B5F-ABE1-89118064CA42}.Release|Any CPU.ActiveCfg = Release|Any CPU
		{DB003F1B-0D3D-4B5F-ABE1-89118064CA42}.Release|Any CPU.Build.0 = Release|Any CPU
		{A97F73A8-508F-4D43-B411-9EEB2316B1CC}.Debug|Any CPU.ActiveCfg = Debug|Any CPU
		{A97F73A8-508F-4D43-B411-9EEB2316B1CC}.Debug|Any CPU.Build.0 = Debug|Any CPU
		{A97F73A8-508F-4D43-B411-9EEB2316B1CC}.Release|Any CPU.ActiveCfg = Release|Any CPU
		{A97F73A8-508F-4D43-B411-9EEB2316B1CC}.Release|Any CPU.Build.0 = Release|Any CPU
		{C3052E9A-2025-4E22-8B02-8EDBB2960B3D}.Debug|Any CPU.ActiveCfg = Debug|Any CPU
		{C3052E9A-2025-4E22-8B02-8EDBB2960B3D}.Debug|Any CPU.Build.0 = Debug|Any CPU
		{C3052E9A-2025-4E22-8B02-8EDBB2960B3D}.Release|Any CPU.ActiveCfg = Release|Any CPU
		{C3052E9A-2025-4E22-8B02-8EDBB2960B3D}.Release|Any CPU.Build.0 = Release|Any CPU
		{BA9633C3-4829-43B7-A00E-A8CC9EA00719}.Debug|Any CPU.ActiveCfg = Debug|Any CPU
		{BA9633C3-4829-43B7-A00E-A8CC9EA00719}.Debug|Any CPU.Build.0 = Debug|Any CPU
		{BA9633C3-4829-43B7-A00E-A8CC9EA00719}.Release|Any CPU.ActiveCfg = Release|Any CPU
		{BA9633C3-4829-43B7-A00E-A8CC9EA00719}.Release|Any CPU.Build.0 = Release|Any CPU
		{2F4E87A0-415D-4205-B4EC-9281E90F7C62}.Debug|Any CPU.ActiveCfg = Debug|Any CPU
		{2F4E87A0-415D-4205-B4EC-9281E90F7C62}.Debug|Any CPU.Build.0 = Debug|Any CPU
		{2F4E87A0-415D-4205-B4EC-9281E90F7C62}.Release|Any CPU.ActiveCfg = Release|Any CPU
		{2F4E87A0-415D-4205-B4EC-9281E90F7C62}.Release|Any CPU.Build.0 = Release|Any CPU
		{87BA6AC1-CA74-4A95-916E-D5CF57ECE83E}.Debug|Any CPU.ActiveCfg = Debug|Any CPU
		{87BA6AC1-CA74-4A95-916E-D5CF57ECE83E}.Debug|Any CPU.Build.0 = Debug|Any CPU
		{87BA6AC1-CA74-4A95-916E-D5CF57ECE83E}.Release|Any CPU.ActiveCfg = Release|Any CPU
		{87BA6AC1-CA74-4A95-916E-D5CF57ECE83E}.Release|Any CPU.Build.0 = Release|Any CPU
		{A708122A-EC01-455A-B4D9-D104A951D332}.Debug|Any CPU.ActiveCfg = Debug|Any CPU
		{A708122A-EC01-455A-B4D9-D104A951D332}.Debug|Any CPU.Build.0 = Debug|Any CPU
		{A708122A-EC01-455A-B4D9-D104A951D332}.Release|Any CPU.ActiveCfg = Release|Any CPU
		{A708122A-EC01-455A-B4D9-D104A951D332}.Release|Any CPU.Build.0 = Release|Any CPU
		{97536CC0-5EAE-44C1-90F4-5E7FA1D8A821}.Debug|Any CPU.ActiveCfg = Debug|Any CPU
		{97536CC0-5EAE-44C1-90F4-5E7FA1D8A821}.Debug|Any CPU.Build.0 = Debug|Any CPU
		{97536CC0-5EAE-44C1-90F4-5E7FA1D8A821}.Release|Any CPU.ActiveCfg = Release|Any CPU
		{97536CC0-5EAE-44C1-90F4-5E7FA1D8A821}.Release|Any CPU.Build.0 = Release|Any CPU
		{2BDC1CDD-486E-4EA7-AA91-BA279AD35B3C}.Debug|Any CPU.ActiveCfg = Debug|Any CPU
		{2BDC1CDD-486E-4EA7-AA91-BA279AD35B3C}.Debug|Any CPU.Build.0 = Debug|Any CPU
		{2BDC1CDD-486E-4EA7-AA91-BA279AD35B3C}.Release|Any CPU.ActiveCfg = Release|Any CPU
		{2BDC1CDD-486E-4EA7-AA91-BA279AD35B3C}.Release|Any CPU.Build.0 = Release|Any CPU
		{6EDCC177-C350-4E31-AB3B-BB7CEB3D2854}.Debug|Any CPU.ActiveCfg = Debug|Any CPU
		{6EDCC177-C350-4E31-AB3B-BB7CEB3D2854}.Debug|Any CPU.Build.0 = Debug|Any CPU
		{6EDCC177-C350-4E31-AB3B-BB7CEB3D2854}.Release|Any CPU.ActiveCfg = Release|Any CPU
		{6EDCC177-C350-4E31-AB3B-BB7CEB3D2854}.Release|Any CPU.Build.0 = Release|Any CPU
		{6D7F38D1-146A-4D79-9685-983E51FE5EFC}.Debug|Any CPU.ActiveCfg = Debug|Any CPU
		{6D7F38D1-146A-4D79-9685-983E51FE5EFC}.Debug|Any CPU.Build.0 = Debug|Any CPU
		{6D7F38D1-146A-4D79-9685-983E51FE5EFC}.Release|Any CPU.ActiveCfg = Release|Any CPU
		{6D7F38D1-146A-4D79-9685-983E51FE5EFC}.Release|Any CPU.Build.0 = Release|Any CPU
		{AA4D2618-2734-4FBB-87F0-E9018F62E8A1}.Debug|Any CPU.ActiveCfg = Debug|Any CPU
		{AA4D2618-2734-4FBB-87F0-E9018F62E8A1}.Debug|Any CPU.Build.0 = Debug|Any CPU
		{AA4D2618-2734-4FBB-87F0-E9018F62E8A1}.Release|Any CPU.ActiveCfg = Release|Any CPU
		{AA4D2618-2734-4FBB-87F0-E9018F62E8A1}.Release|Any CPU.Build.0 = Release|Any CPU
		{E2339A21-3FE6-43F8-A123-F1F49BA3A407}.Debug|Any CPU.ActiveCfg = Debug|Any CPU
		{E2339A21-3FE6-43F8-A123-F1F49BA3A407}.Debug|Any CPU.Build.0 = Debug|Any CPU
		{E2339A21-3FE6-43F8-A123-F1F49BA3A407}.Release|Any CPU.ActiveCfg = Release|Any CPU
		{E2339A21-3FE6-43F8-A123-F1F49BA3A407}.Release|Any CPU.Build.0 = Release|Any CPU
		{8C234B4E-9EA9-402D-8AB3-7402903E16DA}.Debug|Any CPU.ActiveCfg = Debug|Any CPU
		{8C234B4E-9EA9-402D-8AB3-7402903E16DA}.Debug|Any CPU.Build.0 = Debug|Any CPU
		{8C234B4E-9EA9-402D-8AB3-7402903E16DA}.Release|Any CPU.ActiveCfg = Release|Any CPU
		{8C234B4E-9EA9-402D-8AB3-7402903E16DA}.Release|Any CPU.Build.0 = Release|Any CPU
		{0D4BF01A-DEC7-4C2D-A54B-B6F3EB29719B}.Debug|Any CPU.ActiveCfg = Debug|Any CPU
		{0D4BF01A-DEC7-4C2D-A54B-B6F3EB29719B}.Debug|Any CPU.Build.0 = Debug|Any CPU
		{0D4BF01A-DEC7-4C2D-A54B-B6F3EB29719B}.Release|Any CPU.ActiveCfg = Release|Any CPU
		{0D4BF01A-DEC7-4C2D-A54B-B6F3EB29719B}.Release|Any CPU.Build.0 = Release|Any CPU
		{562BE2A1-039F-4C5D-8E47-EEDA834CC22D}.Debug|Any CPU.ActiveCfg = Debug|Any CPU
		{562BE2A1-039F-4C5D-8E47-EEDA834CC22D}.Debug|Any CPU.Build.0 = Debug|Any CPU
		{562BE2A1-039F-4C5D-8E47-EEDA834CC22D}.Release|Any CPU.ActiveCfg = Release|Any CPU
		{562BE2A1-039F-4C5D-8E47-EEDA834CC22D}.Release|Any CPU.Build.0 = Release|Any CPU
	EndGlobalSection
	GlobalSection(SolutionProperties) = preSolution
		HideSolutionNode = FALSE
	EndGlobalSection
	GlobalSection(NestedProjects) = preSolution
		{73E290AC-3118-41DD-A029-A21168D100C4} = {BE2C8EC4-CE0F-440A-9FB2-90B6E0F2F2A5}
		{44B580EE-EA13-46FE-B1A7-6EE8ACCC7247} = {73E290AC-3118-41DD-A029-A21168D100C4}
		{DB003F1B-0D3D-4B5F-ABE1-89118064CA42} = {44B580EE-EA13-46FE-B1A7-6EE8ACCC7247}
		{A97F73A8-508F-4D43-B411-9EEB2316B1CC} = {44B580EE-EA13-46FE-B1A7-6EE8ACCC7247}
		{C3052E9A-2025-4E22-8B02-8EDBB2960B3D} = {44B580EE-EA13-46FE-B1A7-6EE8ACCC7247}
		{BA9633C3-4829-43B7-A00E-A8CC9EA00719} = {44B580EE-EA13-46FE-B1A7-6EE8ACCC7247}
		{2F4E87A0-415D-4205-B4EC-9281E90F7C62} = {44B580EE-EA13-46FE-B1A7-6EE8ACCC7247}
		{87BA6AC1-CA74-4A95-916E-D5CF57ECE83E} = {44B580EE-EA13-46FE-B1A7-6EE8ACCC7247}
		{A708122A-EC01-455A-B4D9-D104A951D332} = {44B580EE-EA13-46FE-B1A7-6EE8ACCC7247}
		{97536CC0-5EAE-44C1-90F4-5E7FA1D8A821} = {44B580EE-EA13-46FE-B1A7-6EE8ACCC7247}
		{2BDC1CDD-486E-4EA7-AA91-BA279AD35B3C} = {BE2C8EC4-CE0F-440A-9FB2-90B6E0F2F2A5}
		{1E45BEC0-469C-4785-B22C-FEFC61719899} = {73E290AC-3118-41DD-A029-A21168D100C4}
		{6EDCC177-C350-4E31-AB3B-BB7CEB3D2854} = {1E45BEC0-469C-4785-B22C-FEFC61719899}
		{6D7F38D1-146A-4D79-9685-983E51FE5EFC} = {1E45BEC0-469C-4785-B22C-FEFC61719899}
		{AA4D2618-2734-4FBB-87F0-E9018F62E8A1} = {1E45BEC0-469C-4785-B22C-FEFC61719899}
		{E2339A21-3FE6-43F8-A123-F1F49BA3A407} = {1E45BEC0-469C-4785-B22C-FEFC61719899}
		{8C234B4E-9EA9-402D-8AB3-7402903E16DA} = {1E45BEC0-469C-4785-B22C-FEFC61719899}
		{0D4BF01A-DEC7-4C2D-A54B-B6F3EB29719B} = {1E45BEC0-469C-4785-B22C-FEFC61719899}
		{562BE2A1-039F-4C5D-8E47-EEDA834CC22D} = {44B580EE-EA13-46FE-B1A7-6EE8ACCC7247}
	EndGlobalSection
EndGlobal
